
Microsoft Visual Studio Solution File, Format Version 12.00
# Visual Studio Version 17
VisualStudioVersion = 17.14.36811.4 d17.14
MinimumVisualStudioVersion = 10.0.40219.1
Project("{FAE04EC0-301F-11D3-BF4B-00C04F79EFBC}") = "DotNet1", "DotNet1.csproj", "{ADA3EDD8-B948-44F0-BDC1-6311E110809F}"
EndProject
Global
	GlobalSection(SolutionConfigurationPlatforms) = preSolution
		Debug|Any CPU = Debug|Any CPU
		Release|Any CPU = Release|Any CPU
	EndGlobalSection
	GlobalSection(ProjectConfigurationPlatforms) = postSolution
		{ADA3EDD8-B948-44F0-BDC1-6311E110809F}.Debug|Any CPU.ActiveCfg = Debug|Any CPU
		{ADA3EDD8-B948-44F0-BDC1-6311E110809F}.Debug|Any CPU.Build.0 = Debug|Any CPU
		{ADA3EDD8-B948-44F0-BDC1-6311E110809F}.Release|Any CPU.ActiveCfg = Release|Any CPU
		{ADA3EDD8-B948-44F0-BDC1-6311E110809F}.Release|Any CPU.Build.0 = Release|Any CPU
	EndGlobalSection
	GlobalSection(SolutionProperties) = preSolution
		HideSolutionNode = FALSE
	EndGlobalSection
	GlobalSection(ExtensibilityGlobals) = postSolution
		SolutionGuid = {DA89C3C6-22CC-4E1C-A56D-BCF138CB98F0}
	EndGlobalSection
EndGlobal
